
Microsoft Visual Studio Solution File, Format Version 12.00
# Visual Studio Version 16
VisualStudioVersion = 16.0.30907.101
MinimumVisualStudioVersion = 10.0.40219.1
Project("{FAE04EC0-301F-11D3-BF4B-00C04F79EFBC}") = "SF_9.6-2", "SF_9.6-2\SF_9.6-2.csproj", "{D4D85741-C3DE-42CC-B86F-41DECB6F5EAA}"
EndProject
Global
	GlobalSection(SolutionConfigurationPlatforms) = preSolution
		Debug|Any CPU = Debug|Any CPU
		Release|Any CPU = Release|Any CPU
	EndGlobalSection
	GlobalSection(ProjectConfigurationPlatforms) = postSolution
		{D4D85741-C3DE-42CC-B86F-41DECB6F5EAA}.Debug|Any CPU.ActiveCfg = Debug|Any CPU
		{D4D85741-C3DE-42CC-B86F-41DECB6F5EAA}.Debug|Any CPU.Build.0 = Debug|Any CPU
		{D4D85741-C3DE-42CC-B86F-41DECB6F5EAA}.Release|Any CPU.ActiveCfg = Release|Any CPU
		{D4D85741-C3DE-42CC-B86F-41DECB6F5EAA}.Release|Any CPU.Build.0 = Release|Any CPU
	EndGlobalSection
	GlobalSection(SolutionProperties) = preSolution
		HideSolutionNode = FALSE
	EndGlobalSection
	GlobalSection(ExtensibilityGlobals) = postSolution
		SolutionGuid = {98794E9E-4EFD-4A39-B3E3-195A2CF9A781}
	EndGlobalSection
EndGlobal
